
Microsoft Visual Studio Solution File, Format Version 12.00
# Visual Studio Version 17
VisualStudioVersion = 17.11.35327.3
MinimumVisualStudioVersion = 10.0.40219.1
Project("{FAE04EC0-301F-11D3-BF4B-00C04F79EFBC}") = "ProyectoAPI_2", "ProyectoAPI_2\ProyectoAPI_2.csproj", "{599B7CFF-2AED-41AB-8767-223D95A044FC}"
EndProject
Global
	GlobalSection(SolutionConfigurationPlatforms) = preSolution
		Debug|Any CPU = Debug|Any CPU
		Release|Any CPU = Release|Any CPU
	EndGlobalSection
	GlobalSection(ProjectConfigurationPlatforms) = postSolution
		{599B7CFF-2AED-41AB-8767-223D95A044FC}.Debug|Any CPU.ActiveCfg = Debug|Any CPU
		{599B7CFF-2AED-41AB-8767-223D95A044FC}.Debug|Any CPU.Build.0 = Debug|Any CPU
		{599B7CFF-2AED-41AB-8767-223D95A044FC}.Release|Any CPU.ActiveCfg = Release|Any CPU
		{599B7CFF-2AED-41AB-8767-223D95A044FC}.Release|Any CPU.Build.0 = Release|Any CPU
	EndGlobalSection
	GlobalSection(SolutionProperties) = preSolution
		HideSolutionNode = FALSE
	EndGlobalSection
	GlobalSection(ExtensibilityGlobals) = postSolution
		SolutionGuid = {7D81B711-6286-4ECB-91A1-0CA74F52A028}
	EndGlobalSection
EndGlobal
